
Microsoft Visual Studio Solution File, Format Version 12.00
# Visual Studio 14
VisualStudioVersion = 14.0.25420.1
MinimumVisualStudioVersion = 10.0.40219.1
Project("{FAE04EC0-301F-11D3-BF4B-00C04F79EFBC}") = "AddressTable", "AddressTable\AddressTable.csproj", "{B95E0DF9-C930-4640-89C5-DAECF4D16911}"
EndProject
Project("{FAE04EC0-301F-11D3-BF4B-00C04F79EFBC}") = "AddressTable.Tests", "AddressTable.Tests\AddressTable.Tests.csproj", "{B80AEE9B-3CD5-421C-8A89-D2DC494CC475}"
EndProject
Global
	GlobalSection(SolutionConfigurationPlatforms) = preSolution
		Debug|Any CPU = Debug|Any CPU
		Release|Any CPU = Release|Any CPU
	EndGlobalSection
	GlobalSection(ProjectConfigurationPlatforms) = postSolution
		{B95E0DF9-C930-4640-89C5-DAECF4D16911}.Debug|Any CPU.ActiveCfg = Debug|Any CPU
		{B95E0DF9-C930-4640-89C5-DAECF4D16911}.Debug|Any CPU.Build.0 = Debug|Any CPU
		{B95E0DF9-C930-4640-89C5-DAECF4D16911}.Release|Any CPU.ActiveCfg = Release|Any CPU
		{B95E0DF9-C930-4640-89C5-DAECF4D16911}.Release|Any CPU.Build.0 = Release|Any CPU
		{B80AEE9B-3CD5-421C-8A89-D2DC494CC475}.Debug|Any CPU.ActiveCfg = Debug|Any CPU
		{B80AEE9B-3CD5-421C-8A89-D2DC494CC475}.Debug|Any CPU.Build.0 = Debug|Any CPU
		{B80AEE9B-3CD5-421C-8A89-D2DC494CC475}.Release|Any CPU.ActiveCfg = Release|Any CPU
		{B80AEE9B-3CD5-421C-8A89-D2DC494CC475}.Release|Any CPU.Build.0 = Release|Any CPU
	EndGlobalSection
	GlobalSection(SolutionProperties) = preSolution
		HideSolutionNode = FALSE
	EndGlobalSection
EndGlobal
